// !$*UTF8*$!
{
	archiveVersion = 1;
	classes = {
	};
	objectVersion = 51;
	objects = {

/* Begin PBXBuildFile section */
		6456D7A425BC091500111B5B /* AppDelegate.swift in Sources */ = {isa = PBXBuildFile; fileRef = 6456D7A325BC091500111B5B /* AppDelegate.swift */; };
		6456D7A625BC091500111B5B /* SceneDelegate.swift in Sources */ = {isa = PBXBuildFile; fileRef = 6456D7A525BC091500111B5B /* SceneDelegate.swift */; };
		6456D7A825BC091500111B5B /* CounterViewController.swift in Sources */ = {isa = PBXBuildFile; fileRef = 6456D7A725BC091500111B5B /* CounterViewController.swift */; };
		6456D7AD25BC091800111B5B /* Assets.xcassets in Resources */ = {isa = PBXBuildFile; fileRef = 6456D7AC25BC091800111B5B /* Assets.xcassets */; };
		6456D7B025BC091800111B5B /* LaunchScreen.storyboard in Resources */ = {isa = PBXBuildFile; fileRef = 6456D7AE25BC091800111B5B /* LaunchScreen.storyboard */; };
		6456D7BB25BC091800111B5B /* ReactorKitPracTests.swift in Sources */ = {isa = PBXBuildFile; fileRef = 6456D7BA25BC091800111B5B /* ReactorKitPracTests.swift */; };
		6456D7C625BC091800111B5B /* ReactorKitPracUITests.swift in Sources */ = {isa = PBXBuildFile; fileRef = 6456D7C525BC091800111B5B /* ReactorKitPracUITests.swift */; };
		6456D7EA25BC0E6A00111B5B /* CounterViewReactor.swift in Sources */ = {isa = PBXBuildFile; fileRef = 6456D7E925BC0E6A00111B5B /* CounterViewReactor.swift */; };
		C635E5CA2526976AFC03750F /* Pods_ReactorKitPrac_ReactorKitPracUITests.framework in Frameworks */ = {isa = PBXBuildFile; fileRef = A7866EEE2ADB32CE91A003BF /* Pods_ReactorKitPrac_ReactorKitPracUITests.framework */; };
		D97DCB495B4884B45BE7B18E /* Pods_ReactorKitPracTests.framework in Frameworks */ = {isa = PBXBuildFile; fileRef = 89EAD69C05D9C29EFD6558E4 /* Pods_ReactorKitPracTests.framework */; };
		F06CEDBD5B2775AB9F62E030 /* Pods_ReactorKitPrac.framework in Frameworks */ = {isa = PBXBuildFile; fileRef = CECBF9775CD8A5D03D294286 /* Pods_ReactorKitPrac.framework */; };
/* End PBXBuildFile section */

/* Begin PBXContainerItemProxy section */
		6456D7B725BC091800111B5B /* PBXContainerItemProxy */ = {
			isa = PBXContainerItemProxy;
			containerPortal = 6456D79825BC091500111B5B /* Project object */;
			proxyType = 1;
			remoteGlobalIDString = 6456D79F25BC091500111B5B;
			remoteInfo = ReactorKitPrac;
		};
		6456D7C225BC091800111B5B /* PBXContainerItemProxy */ = {
			isa = PBXContainerItemProxy;
			containerPortal = 6456D79825BC091500111B5B /* Project object */;
			proxyType = 1;
			remoteGlobalIDString = 6456D79F25BC091500111B5B;
			remoteInfo = ReactorKitPrac;
		};
/* End PBXContainerItemProxy section */

/* Begin PBXFileReference section */
		1A1AA7ACC5A4DB9251A83247 /* Pods-ReactorKitPracTests.debug.xcconfig */ = {isa = PBXFileReference; includeInIndex = 1; lastKnownFileType = text.xcconfig; name = "Pods-ReactorKitPracTests.debug.xcconfig"; path = "Target Support Files/Pods-ReactorKitPracTests/Pods-ReactorKitPracTests.debug.xcconfig"; sourceTree = "<group>"; };
		56E8AA5B1DCB364B6176E6DE /* Pods-ReactorKitPracTests.release.xcconfig */ = {isa = PBXFileReference; includeInIndex = 1; lastKnownFileType = text.xcconfig; name = "Pods-ReactorKitPracTests.release.xcconfig"; path = "Target Support Files/Pods-ReactorKitPracTests/Pods-ReactorKitPracTests.release.xcconfig"; sourceTree = "<group>"; };
		6456D7A025BC091500111B5B /* ReactorKitPrac.app */ = {isa = PBXFileReference; explicitFileType = wrapper.application; includeInIndex = 0; path = ReactorKitPrac.app; sourceTree = BUILT_PRODUCTS_DIR; };
		6456D7A325BC091500111B5B /* AppDelegate.swift */ = {isa = PBXFileReference; lastKnownFileType = sourcecode.swift; path = AppDelegate.swift; sourceTree = "<group>"; };
		6456D7A525BC091500111B5B /* SceneDelegate.swift */ = {isa = PBXFileReference; lastKnownFileType = sourcecode.swift; path = SceneDelegate.swift; sourceTree = "<group>"; };
		6456D7A725BC091500111B5B /* CounterViewController.swift */ = {isa = PBXFileReference; lastKnownFileType = sourcecode.swift; path = CounterViewController.swift; sourceTree = "<group>"; };
		6456D7AC25BC091800111B5B /* Assets.xcassets */ = {isa = PBXFileReference; lastKnownFileType = folder.assetcatalog; path = Assets.xcassets; sourceTree = "<group>"; };
		6456D7AF25BC091800111B5B /* Base */ = {isa = PBXFileReference; lastKnownFileType = file.storyboard; name = Base; path = Base.lproj/LaunchScreen.storyboard; sourceTree = "<group>"; };
		6456D7B125BC091800111B5B /* Info.plist */ = {isa = PBXFileReference; lastKnownFileType = text.plist.xml; path = Info.plist; sourceTree = "<group>"; };
		6456D7B625BC091800111B5B /* ReactorKitPracTests.xctest */ = {isa = PBXFileReference; explicitFileType = wrapper.cfbundle; includeInIndex = 0; path = ReactorKitPracTests.xctest; sourceTree = BUILT_PRODUCTS_DIR; };
		6456D7BA25BC091800111B5B /* ReactorKitPracTests.swift */ = {isa = PBXFileReference; lastKnownFileType = sourcecode.swift; path = ReactorKitPracTests.swift; sourceTree = "<group>"; };
		6456D7BC25BC091800111B5B /* Info.plist */ = {isa = PBXFileReference; lastKnownFileType = text.plist.xml; path = Info.plist; sourceTree = "<group>"; };
		6456D7C125BC091800111B5B /* ReactorKitPracUITests.xctest */ = {isa = PBXFileReference; explicitFileType = wrapper.cfbundle; includeInIndex = 0; path = ReactorKitPracUITests.xctest; sourceTree = BUILT_PRODUCTS_DIR; };
		6456D7C525BC091800111B5B /* ReactorKitPracUITests.swift */ = {isa = PBXFileReference; lastKnownFileType = sourcecode.swift; path = ReactorKitPracUITests.swift; sourceTree = "<group>"; };
		6456D7C725BC091800111B5B /* Info.plist */ = {isa = PBXFileReference; lastKnownFileType = text.plist.xml; path = Info.plist; sourceTree = "<group>"; };
		6456D7E925BC0E6A00111B5B /* CounterViewReactor.swift */ = {isa = PBXFileReference; lastKnownFileType = sourcecode.swift; path = CounterViewReactor.swift; sourceTree = "<group>"; };
		6592F5A9A4BCFFA8B167A772 /* Pods-ReactorKitPrac.debug.xcconfig */ = {isa = PBXFileReference; includeInIndex = 1; lastKnownFileType = text.xcconfig; name = "Pods-ReactorKitPrac.debug.xcconfig"; path = "Target Support Files/Pods-ReactorKitPrac/Pods-ReactorKitPrac.debug.xcconfig"; sourceTree = "<group>"; };
		89EAD69C05D9C29EFD6558E4 /* Pods_ReactorKitPracTests.framework */ = {isa = PBXFileReference; explicitFileType = wrapper.framework; includeInIndex = 0; path = Pods_ReactorKitPracTests.framework; sourceTree = BUILT_PRODUCTS_DIR; };
		905519D9B0A3D6DB9D35A043 /* Pods-ReactorKitPrac-ReactorKitPracUITests.debug.xcconfig */ = {isa = PBXFileReference; includeInIndex = 1; lastKnownFileType = text.xcconfig; name = "Pods-ReactorKitPrac-ReactorKitPracUITests.debug.xcconfig"; path = "Target Support Files/Pods-ReactorKitPrac-ReactorKitPracUITests/Pods-ReactorKitPrac-ReactorKitPracUITests.debug.xcconfig"; sourceTree = "<group>"; };
		9CBDBCD304E408C5F01184F7 /* Pods-ReactorKitPrac.release.xcconfig */ = {isa = PBXFileReference; includeInIndex = 1; lastKnownFileType = text.xcconfig; name = "Pods-ReactorKitPrac.release.xcconfig"; path = "Target Support Files/Pods-ReactorKitPrac/Pods-ReactorKitPrac.release.xcconfig"; sourceTree = "<group>"; };
		A7866EEE2ADB32CE91A003BF /* Pods_ReactorKitPrac_ReactorKitPracUITests.framework */ = {isa = PBXFileReference; explicitFileType = wrapper.framework; includeInIndex = 0; path = Pods_ReactorKitPrac_ReactorKitPracUITests.framework; sourceTree = BUILT_PRODUCTS_DIR; };
		CECBF9775CD8A5D03D294286 /* Pods_ReactorKitPrac.framework */ = {isa = PBXFileReference; explicitFileType = wrapper.framework; includeInIndex = 0; path = Pods_ReactorKitPrac.framework; sourceTree = BUILT_PRODUCTS_DIR; };
		F0A8CFAE5404CC62A60B6135 /* Pods-ReactorKitPrac-ReactorKitPracUITests.release.xcconfig */ = {isa = PBXFileReference; includeInIndex = 1; lastKnownFileType = text.xcconfig; name = "Pods-ReactorKitPrac-ReactorKitPracUITests.release.xcconfig"; path = "Target Support Files/Pods-ReactorKitPrac-ReactorKitPracUITests/Pods-ReactorKitPrac-ReactorKitPracUITests.release.xcconfig"; sourceTree = "<group>"; };
/* End PBXFileReference section */

/* Begin PBXFrameworksBuildPhase section */
		6456D79D25BC091500111B5B /* Frameworks */ = {
			isa = PBXFrameworksBuildPhase;
			buildActionMask = 2147483647;
			files = (
				F06CEDBD5B2775AB9F62E030 /* Pods_ReactorKitPrac.framework in Frameworks */,
			);
			runOnlyForDeploymentPostprocessing = 0;
		};
		6456D7B325BC091800111B5B /* Frameworks */ = {
			isa = PBXFrameworksBuildPhase;
			buildActionMask = 2147483647;
			files = (
				D97DCB495B4884B45BE7B18E /* Pods_ReactorKitPracTests.framework in Frameworks */,
			);
			runOnlyForDeploymentPostprocessing = 0;
		};
		6456D7BE25BC091800111B5B /* Frameworks */ = {
			isa = PBXFrameworksBuildPhase;
			buildActionMask = 2147483647;
			files = (
				C635E5CA2526976AFC03750F /* Pods_ReactorKitPrac_ReactorKitPracUITests.framework in Frameworks */,
			);
			runOnlyForDeploymentPostprocessing = 0;
		};
/* End PBXFrameworksBuildPhase section */

/* Begin PBXGroup section */
		6456D79725BC091500111B5B = {
			isa = PBXGroup;
			children = (
				6456D7A225BC091500111B5B /* ReactorKitPrac */,
				6456D7B925BC091800111B5B /* ReactorKitPracTests */,
				6456D7C425BC091800111B5B /* ReactorKitPracUITests */,
				6456D7A125BC091500111B5B /* Products */,
				F61F32B6EF62E2E1B6ADE809 /* Pods */,
				B15D6EBFFE1B331A112E1CD1 /* Frameworks */,
			);
			sourceTree = "<group>";
		};
		6456D7A125BC091500111B5B /* Products */ = {
			isa = PBXGroup;
			children = (
				6456D7A025BC091500111B5B /* ReactorKitPrac.app */,
				6456D7B625BC091800111B5B /* ReactorKitPracTests.xctest */,
				6456D7C125BC091800111B5B /* ReactorKitPracUITests.xctest */,
			);
			name = Products;
			sourceTree = "<group>";
		};
		6456D7A225BC091500111B5B /* ReactorKitPrac */ = {
			isa = PBXGroup;
			children = (
				6456D7A325BC091500111B5B /* AppDelegate.swift */,
				6456D7A525BC091500111B5B /* SceneDelegate.swift */,
				6456D7A725BC091500111B5B /* CounterViewController.swift */,
				6456D7E925BC0E6A00111B5B /* CounterViewReactor.swift */,
				6456D7AC25BC091800111B5B /* Assets.xcassets */,
				6456D7AE25BC091800111B5B /* LaunchScreen.storyboard */,
				6456D7B125BC091800111B5B /* Info.plist */,
			);
			path = ReactorKitPrac;
			sourceTree = "<group>";
		};
		6456D7B925BC091800111B5B /* ReactorKitPracTests */ = {
			isa = PBXGroup;
			children = (
				6456D7BA25BC091800111B5B /* ReactorKitPracTests.swift */,
				6456D7BC25BC091800111B5B /* Info.plist */,
			);
			path = ReactorKitPracTests;
			sourceTree = "<group>";
		};
		6456D7C425BC091800111B5B /* ReactorKitPracUITests */ = {
			isa = PBXGroup;
			children = (
				6456D7C525BC091800111B5B /* ReactorKitPracUITests.swift */,
				6456D7C725BC091800111B5B /* Info.plist */,
			);
			path = ReactorKitPracUITests;
			sourceTree = "<group>";
		};
		B15D6EBFFE1B331A112E1CD1 /* Frameworks */ = {
			isa = PBXGroup;
			children = (
				CECBF9775CD8A5D03D294286 /* Pods_ReactorKitPrac.framework */,
				A7866EEE2ADB32CE91A003BF /* Pods_ReactorKitPrac_ReactorKitPracUITests.framework */,
				89EAD69C05D9C29EFD6558E4 /* Pods_ReactorKitPracTests.framework */,
			);
			name = Frameworks;
			sourceTree = "<group>";
		};
		F61F32B6EF62E2E1B6ADE809 /* Pods */ = {
			isa = PBXGroup;
			children = (
				6592F5A9A4BCFFA8B167A772 /* Pods-ReactorKitPrac.debug.xcconfig */,
				9CBDBCD304E408C5F01184F7 /* Pods-ReactorKitPrac.release.xcconfig */,
				905519D9B0A3D6DB9D35A043 /* Pods-ReactorKitPrac-ReactorKitPracUITests.debug.xcconfig */,
				F0A8CFAE5404CC62A60B6135 /* Pods-ReactorKitPrac-ReactorKitPracUITests.release.xcconfig */,
				1A1AA7ACC5A4DB9251A83247 /* Pods-ReactorKitPracTests.debug.xcconfig */,
				56E8AA5B1DCB364B6176E6DE /* Pods-ReactorKitPracTests.release.xcconfig */,
			);
			path = Pods;
			sourceTree = "<group>";
		};
/* End PBXGroup section */

/* Begin PBXNativeTarget section */
		6456D79F25BC091500111B5B /* ReactorKitPrac */ = {
			isa = PBXNativeTarget;
			buildConfigurationList = 6456D7CA25BC091800111B5B /* Build configuration list for PBXNativeTarget "ReactorKitPrac" */;
			buildPhases = (
				05E0C5AA55DB2D9791CA7447 /* [CP] Check Pods Manifest.lock */,
				6456D79C25BC091500111B5B /* Sources */,
				6456D79D25BC091500111B5B /* Frameworks */,
				6456D79E25BC091500111B5B /* Resources */,
				06C2AAF1FB257D9530CDFE9F /* [CP] Embed Pods Frameworks */,
			);
			buildRules = (
			);
			dependencies = (
			);
			name = ReactorKitPrac;
			productName = ReactorKitPrac;
			productReference = 6456D7A025BC091500111B5B /* ReactorKitPrac.app */;
			productType = "com.apple.product-type.application";
		};
		6456D7B525BC091800111B5B /* ReactorKitPracTests */ = {
			isa = PBXNativeTarget;
			buildConfigurationList = 6456D7CD25BC091800111B5B /* Build configuration list for PBXNativeTarget "ReactorKitPracTests" */;
			buildPhases = (
				30901FB31B0E08765B0258A2 /* [CP] Check Pods Manifest.lock */,
				6456D7B225BC091800111B5B /* Sources */,
				6456D7B325BC091800111B5B /* Frameworks */,
				6456D7B425BC091800111B5B /* Resources */,
			);
			buildRules = (
			);
			dependencies = (
				6456D7B825BC091800111B5B /* PBXTargetDependency */,
			);
			name = ReactorKitPracTests;
			productName = ReactorKitPracTests;
			productReference = 6456D7B625BC091800111B5B /* ReactorKitPracTests.xctest */;
			productType = "com.apple.product-type.bundle.unit-test";
		};
		6456D7C025BC091800111B5B /* ReactorKitPracUITests */ = {
			isa = PBXNativeTarget;
			buildConfigurationList = 6456D7D025BC091800111B5B /* Build configuration list for PBXNativeTarget "ReactorKitPracUITests" */;
			buildPhases = (
				288A77D39A4A4F76F2205AF8 /* [CP] Check Pods Manifest.lock */,
				6456D7BD25BC091800111B5B /* Sources */,
				6456D7BE25BC091800111B5B /* Frameworks */,
				6456D7BF25BC091800111B5B /* Resources */,
				FFE59FEDD2D8B56C7993ACD5 /* [CP] Embed Pods Frameworks */,
			);
			buildRules = (
			);
			dependencies = (
				6456D7C325BC091800111B5B /* PBXTargetDependency */,
			);
			name = ReactorKitPracUITests;
			productName = ReactorKitPracUITests;
			productReference = 6456D7C125BC091800111B5B /* ReactorKitPracUITests.xctest */;
			productType = "com.apple.product-type.bundle.ui-testing";
		};
/* End PBXNativeTarget section */

/* Begin PBXProject section */
		6456D79825BC091500111B5B /* Project object */ = {
			isa = PBXProject;
			attributes = {
				LastSwiftUpdateCheck = 1230;
				LastUpgradeCheck = 1230;
				TargetAttributes = {
					6456D79F25BC091500111B5B = {
						CreatedOnToolsVersion = 12.3;
					};
					6456D7B525BC091800111B5B = {
						CreatedOnToolsVersion = 12.3;
						TestTargetID = 6456D79F25BC091500111B5B;
					};
					6456D7C025BC091800111B5B = {
						CreatedOnToolsVersion = 12.3;
						TestTargetID = 6456D79F25BC091500111B5B;
					};
				};
			};
			buildConfigurationList = 6456D79B25BC091500111B5B /* Build configuration list for PBXProject "ReactorKitPrac" */;
			compatibilityVersion = "Xcode 9.3";
			developmentRegion = en;
			hasScannedForEncodings = 0;
			knownRegions = (
				en,
				Base,
			);
			mainGroup = 6456D79725BC091500111B5B;
			productRefGroup = 6456D7A125BC091500111B5B /* Products */;
			projectDirPath = "";
			projectRoot = "";
			targets = (
				6456D79F25BC091500111B5B /* ReactorKitPrac */,
				6456D7B525BC091800111B5B /* ReactorKitPracTests */,
				6456D7C025BC091800111B5B /* ReactorKitPracUITests */,
			);
		};
/* End PBXProject section */

/* Begin PBXResourcesBuildPhase section */
		6456D79E25BC091500111B5B /* Resources */ = {
			isa = PBXResourcesBuildPhase;
			buildActionMask = 2147483647;
			files = (
				6456D7B025BC091800111B5B /* LaunchScreen.storyboard in Resources */,
				6456D7AD25BC091800111B5B /* Assets.xcassets in Resources */,
			);
			runOnlyForDeploymentPostprocessing = 0;
		};
		6456D7B425BC091800111B5B /* Resources */ = {
			isa = PBXResourcesBuildPhase;
			buildActionMask = 2147483647;
			files = (
			);
			runOnlyForDeploymentPostprocessing = 0;
		};
		6456D7BF25BC091800111B5B /* Resources */ = {
			isa = PBXResourcesBuildPhase;
			buildActionMask = 2147483647;
			files = (
			);
			runOnlyForDeploymentPostprocessing = 0;
		};
/* End PBXResourcesBuildPhase section */

/* Begin PBXShellScriptBuildPhase section */
		05E0C5AA55DB2D9791CA7447 /* [CP] Check Pods Manifest.lock */ = {
			isa = PBXShellScriptBuildPhase;
			buildActionMask = 2147483647;
			files = (
			);
			inputFileListPaths = (
			);
			inputPaths = (
				"${PODS_PODFILE_DIR_PATH}/Podfile.lock",
				"${PODS_ROOT}/Manifest.lock",
			);
			name = "[CP] Check Pods Manifest.lock";
			outputFileListPaths = (
			);
			outputPaths = (
				"$(DERIVED_FILE_DIR)/Pods-ReactorKitPrac-checkManifestLockResult.txt",
			);
			runOnlyForDeploymentPostprocessing = 0;
			shellPath = /bin/sh;
			shellScript = "diff \"${PODS_PODFILE_DIR_PATH}/Podfile.lock\" \"${PODS_ROOT}/Manifest.lock\" > /dev/null\nif [ $? != 0 ] ; then\n    # print error to STDERR\n    echo \"error: The sandbox is not in sync with the Podfile.lock. Run 'pod install' or update your CocoaPods installation.\" >&2\n    exit 1\nfi\n# This output is used by Xcode 'outputs' to avoid re-running this script phase.\necho \"SUCCESS\" > \"${SCRIPT_OUTPUT_FILE_0}\"\n";
			showEnvVarsInLog = 0;
		};
		06C2AAF1FB257D9530CDFE9F /* [CP] Embed Pods Frameworks */ = {
			isa = PBXShellScriptBuildPhase;
			buildActionMask = 2147483647;
			files = (
			);
			inputFileListPaths = (
				"${PODS_ROOT}/Target Support Files/Pods-ReactorKitPrac/Pods-ReactorKitPrac-frameworks-${CONFIGURATION}-input-files.xcfilelist",
			);
			name = "[CP] Embed Pods Frameworks";
			outputFileListPaths = (
				"${PODS_ROOT}/Target Support Files/Pods-ReactorKitPrac/Pods-ReactorKitPrac-frameworks-${CONFIGURATION}-output-files.xcfilelist",
			);
			runOnlyForDeploymentPostprocessing = 0;
			shellPath = /bin/sh;
			shellScript = "\"${PODS_ROOT}/Target Support Files/Pods-ReactorKitPrac/Pods-ReactorKitPrac-frameworks.sh\"\n";
			showEnvVarsInLog = 0;
		};
		288A77D39A4A4F76F2205AF8 /* [CP] Check Pods Manifest.lock */ = {
			isa = PBXShellScriptBuildPhase;
			buildActionMask = 2147483647;
			files = (
			);
			inputFileListPaths = (
			);
			inputPaths = (
				"${PODS_PODFILE_DIR_PATH}/Podfile.lock",
				"${PODS_ROOT}/Manifest.lock",
			);
			name = "[CP] Check Pods Manifest.lock";
			outputFileListPaths = (
			);
			outputPaths = (
				"$(DERIVED_FILE_DIR)/Pods-ReactorKitPrac-ReactorKitPracUITests-checkManifestLockResult.txt",
			);
			runOnlyForDeploymentPostprocessing = 0;
			shellPath = /bin/sh;
			shellScript = "diff \"${PODS_PODFILE_DIR_PATH}/Podfile.lock\" \"${PODS_ROOT}/Manifest.lock\" > /dev/null\nif [ $? != 0 ] ; then\n    # print error to STDERR\n    echo \"error: The sandbox is not in sync with the Podfile.lock. Run 'pod install' or update your CocoaPods installation.\" >&2\n    exit 1\nfi\n# This output is used by Xcode 'outputs' to avoid re-running this script phase.\necho \"SUCCESS\" > \"${SCRIPT_OUTPUT_FILE_0}\"\n";
			showEnvVarsInLog = 0;
		};
		30901FB31B0E08765B0258A2 /* [CP] Check Pods Manifest.lock */ = {
			isa = PBXShellScriptBuildPhase;
			buildActionMask = 2147483647;
			files = (
			);
			inputFileListPaths = (
			);
			inputPaths = (
				"${PODS_PODFILE_DIR_PATH}/Podfile.lock",
				"${PODS_ROOT}/Manifest.lock",
			);
			name = "[CP] Check Pods Manifest.lock";
			outputFileListPaths = (
			);
			outputPaths = (
				"$(DERIVED_FILE_DIR)/Pods-ReactorKitPracTests-checkManifestLockResult.txt",
			);
			runOnlyForDeploymentPostprocessing = 0;
			shellPath = /bin/sh;
			shellScript = "diff \"${PODS_PODFILE_DIR_PATH}/Podfile.lock\" \"${PODS_ROOT}/Manifest.lock\" > /dev/null\nif [ $? != 0 ] ; then\n    # print error to STDERR\n    echo \"error: The sandbox is not in sync with the Podfile.lock. Run 'pod install' or update your CocoaPods installation.\" >&2\n    exit 1\nfi\n# This output is used by Xcode 'outputs' to avoid re-running this script phase.\necho \"SUCCESS\" > \"${SCRIPT_OUTPUT_FILE_0}\"\n";
			showEnvVarsInLog = 0;
		};
		FFE59FEDD2D8B56C7993ACD5 /* [CP] Embed Pods Frameworks */ = {
			isa = PBXShellScriptBuildPhase;
			buildActionMask = 2147483647;
			files = (
			);
			inputFileListPaths = (
				"${PODS_ROOT}/Target Support Files/Pods-ReactorKitPrac-ReactorKitPracUITests/Pods-ReactorKitPrac-ReactorKitPracUITests-frameworks-${CONFIGURATION}-input-files.xcfilelist",
			);
			name = "[CP] Embed Pods Frameworks";
			outputFileListPaths = (
				"${PODS_ROOT}/Target Support Files/Pods-ReactorKitPrac-ReactorKitPracUITests/Pods-ReactorKitPrac-ReactorKitPracUITests-frameworks-${CONFIGURATION}-output-files.xcfilelist",
			);
			runOnlyForDeploymentPostprocessing = 0;
			shellPath = /bin/sh;
			shellScript = "\"${PODS_ROOT}/Target Support Files/Pods-ReactorKitPrac-ReactorKitPracUITests/Pods-ReactorKitPrac-ReactorKitPracUITests-frameworks.sh\"\n";
			showEnvVarsInLog = 0;
		};
/* End PBXShellScriptBuildPhase section */

/* Begin PBXSourcesBuildPhase section */
		6456D79C25BC091500111B5B /* Sources */ = {
			isa = PBXSourcesBuildPhase;
			buildActionMask = 2147483647;
			files = (
				6456D7A825BC091500111B5B /* CounterViewController.swift in Sources */,
				6456D7EA25BC0E6A00111B5B /* CounterViewReactor.swift in Sources */,
				6456D7A425BC091500111B5B /* AppDelegate.swift in Sources */,
				6456D7A625BC091500111B5B /* SceneDelegate.swift in Sources */,
			);
			runOnlyForDeploymentPostprocessing = 0;
		};
		6456D7B225BC091800111B5B /* Sources */ = {
			isa = PBXSourcesBuildPhase;
			buildActionMask = 2147483647;
			files = (
				6456D7BB25BC091800111B5B /* ReactorKitPracTests.swift in Sources */,
			);
			runOnlyForDeploymentPostprocessing = 0;
		};
		6456D7BD25BC091800111B5B /* Sources */ = {
			isa = PBXSourcesBuildPhase;
			buildActionMask = 2147483647;
			files = (
				6456D7C625BC091800111B5B /* ReactorKitPracUITests.swift in Sources */,
			);
			runOnlyForDeploymentPostprocessing = 0;
		};
/* End PBXSourcesBuildPhase section */

/* Begin PBXTargetDependency section */
		6456D7B825BC091800111B5B /* PBXTargetDependency */ = {
			isa = PBXTargetDependency;
			target = 6456D79F25BC091500111B5B /* ReactorKitPrac */;
			targetProxy = 6456D7B725BC091800111B5B /* PBXContainerItemProxy */;
		};
		6456D7C325BC091800111B5B /* PBXTargetDependency */ = {
			isa = PBXTargetDependency;
			target = 6456D79F25BC091500111B5B /* ReactorKitPrac */;
			targetProxy = 6456D7C225BC091800111B5B /* PBXContainerItemProxy */;
		};
/* End PBXTargetDependency section */

/* Begin PBXVariantGroup section */
		6456D7AE25BC091800111B5B /* LaunchScreen.storyboard */ = {
			isa = PBXVariantGroup;
			children = (
				6456D7AF25BC091800111B5B /* Base */,
			);
			name = LaunchScreen.storyboard;
			sourceTree = "<group>";
		};
/* End PBXVariantGroup section */

/* Begin XCBuildConfiguration section */
		6456D7C825BC091800111B5B /* Debug */ = {
			isa = XCBuildConfiguration;
			buildSettings = {
				ALWAYS_SEARCH_USER_PATHS = NO;
				CLANG_ANALYZER_NONNULL = YES;
				CLANG_ANALYZER_NUMBER_OBJECT_CONVERSION = YES_AGGRESSIVE;
				CLANG_CXX_LANGUAGE_STANDARD = "gnu++14";
				CLANG_CXX_LIBRARY = "libc++";
				CLANG_ENABLE_MODULES = YES;
				CLANG_ENABLE_OBJC_ARC = YES;
				CLANG_ENABLE_OBJC_WEAK = YES;
				CLANG_WARN_BLOCK_CAPTURE_AUTORELEASING = YES;
				CLANG_WARN_BOOL_CONVERSION = YES;
				CLANG_WARN_COMMA = YES;
				CLANG_WARN_CONSTANT_CONVERSION = YES;
				CLANG_WARN_DEPRECATED_OBJC_IMPLEMENTATIONS = YES;
				CLANG_WARN_DIRECT_OBJC_ISA_USAGE = YES_ERROR;
				CLANG_WARN_DOCUMENTATION_COMMENTS = YES;
				CLANG_WARN_EMPTY_BODY = YES;
				CLANG_WARN_ENUM_CONVERSION = YES;
				CLANG_WARN_INFINITE_RECURSION = YES;
				CLANG_WARN_INT_CONVERSION = YES;
				CLANG_WARN_NON_LITERAL_NULL_CONVERSION = YES;
				CLANG_WARN_OBJC_IMPLICIT_RETAIN_SELF = YES;
				CLANG_WARN_OBJC_LITERAL_CONVERSION = YES;
				CLANG_WARN_OBJC_ROOT_CLASS = YES_ERROR;
				CLANG_WARN_QUOTED_INCLUDE_IN_FRAMEWORK_HEADER = YES;
				CLANG_WARN_RANGE_LOOP_ANALYSIS = YES;
				CLANG_WARN_STRICT_PROTOTYPES = YES;
				CLANG_WARN_SUSPICIOUS_MOVE = YES;
				CLANG_WARN_UNGUARDED_AVAILABILITY = YES_AGGRESSIVE;
				CLANG_WARN_UNREACHABLE_CODE = YES;
				CLANG_WARN__DUPLICATE_METHOD_MATCH = YES;
				COPY_PHASE_STRIP = NO;
				DEBUG_INFORMATION_FORMAT = dwarf;
				ENABLE_STRICT_OBJC_MSGSEND = YES;
				ENABLE_TESTABILITY = YES;
				GCC_C_LANGUAGE_STANDARD = gnu11;
				GCC_DYNAMIC_NO_PIC = NO;
				GCC_NO_COMMON_BLOCKS = YES;
				GCC_OPTIMIZATION_LEVEL = 0;
				GCC_PREPROCESSOR_DEFINITIONS = (
					"DEBUG=1",
					"$(inherited)",
				);
				GCC_WARN_64_TO_32_BIT_CONVERSION = YES;
				GCC_WARN_ABOUT_RETURN_TYPE = YES_ERROR;
				GCC_WARN_UNDECLARED_SELECTOR = YES;
				GCC_WARN_UNINITIALIZED_AUTOS = YES_AGGRESSIVE;
				GCC_WARN_UNUSED_FUNCTION = YES;
				GCC_WARN_UNUSED_VARIABLE = YES;
				IPHONEOS_DEPLOYMENT_TARGET = 14.3;
				MTL_ENABLE_DEBUG_INFO = INCLUDE_SOURCE;
				MTL_FAST_MATH = YES;
				ONLY_ACTIVE_ARCH = YES;
				SDKROOT = iphoneos;
				SWIFT_ACTIVE_COMPILATION_CONDITIONS = DEBUG;
				SWIFT_OPTIMIZATION_LEVEL = "-Onone";
			};
			name = Debug;
		};
		6456D7C925BC091800111B5B /* Release */ = {
			isa = XCBuildConfiguration;
			buildSettings = {
				ALWAYS_SEARCH_USER_PATHS = NO;
				CLANG_ANALYZER_NONNULL = YES;
				CLANG_ANALYZER_NUMBER_OBJECT_CONVERSION = YES_AGGRESSIVE;
				CLANG_CXX_LANGUAGE_STANDARD = "gnu++14";
				CLANG_CXX_LIBRARY = "libc++";
				CLANG_ENABLE_MODULES = YES;
				CLANG_ENABLE_OBJC_ARC = YES;
				CLANG_ENABLE_OBJC_WEAK = YES;
				CLANG_WARN_BLOCK_CAPTURE_AUTORELEASING = YES;
				CLANG_WARN_BOOL_CONVERSION = YES;
				CLANG_WARN_COMMA = YES;
				CLANG_WARN_CONSTANT_CONVERSION = YES;
				CLANG_WARN_DEPRECATED_OBJC_IMPLEMENTATIONS = YES;
				CLANG_WARN_DIRECT_OBJC_ISA_USAGE = YES_ERROR;
				CLANG_WARN_DOCUMENTATION_COMMENTS = YES;
				CLANG_WARN_EMPTY_BODY = YES;
				CLANG_WARN_ENUM_CONVERSION = YES;
				CLANG_WARN_INFINITE_RECURSION = YES;
				CLANG_WARN_INT_CONVERSION = YES;
				CLANG_WARN_NON_LITERAL_NULL_CONVERSION = YES;
				CLANG_WARN_OBJC_IMPLICIT_RETAIN_SELF = YES;
				CLANG_WARN_OBJC_LITERAL_CONVERSION = YES;
				CLANG_WARN_OBJC_ROOT_CLASS = YES_ERROR;
				CLANG_WARN_QUOTED_INCLUDE_IN_FRAMEWORK_HEADER = YES;
				CLANG_WARN_RANGE_LOOP_ANALYSIS = YES;
				CLANG_WARN_STRICT_PROTOTYPES = YES;
				CLANG_WARN_SUSPICIOUS_MOVE = YES;
				CLANG_WARN_UNGUARDED_AVAILABILITY = YES_AGGRESSIVE;
				CLANG_WARN_UNREACHABLE_CODE = YES;
				CLANG_WARN__DUPLICATE_METHOD_MATCH = YES;
				COPY_PHASE_STRIP = NO;
				DEBUG_INFORMATION_FORMAT = "dwarf-with-dsym";
				ENABLE_NS_ASSERTIONS = NO;
				ENABLE_STRICT_OBJC_MSGSEND = YES;
				GCC_C_LANGUAGE_STANDARD = gnu11;
				GCC_NO_COMMON_BLOCKS = YES;
				GCC_WARN_64_TO_32_BIT_CONVERSION = YES;
				GCC_WARN_ABOUT_RETURN_TYPE = YES_ERROR;
				GCC_WARN_UNDECLARED_SELECTOR = YES;
				GCC_WARN_UNINITIALIZED_AUTOS = YES_AGGRESSIVE;
				GCC_WARN_UNUSED_FUNCTION = YES;
				GCC_WARN_UNUSED_VARIABLE = YES;
				IPHONEOS_DEPLOYMENT_TARGET = 14.3;
				MTL_ENABLE_DEBUG_INFO = NO;
				MTL_FAST_MATH = YES;
				SDKROOT = iphoneos;
				SWIFT_COMPILATION_MODE = wholemodule;
				SWIFT_OPTIMIZATION_LEVEL = "-O";
				VALIDATE_PRODUCT = YES;
			};
			name = Release;
		};
		6456D7CB25BC091800111B5B /* Debug */ = {
			isa = XCBuildConfiguration;
			baseConfigurationReference = 6592F5A9A4BCFFA8B167A772 /* Pods-ReactorKitPrac.debug.xcconfig */;
			buildSettings = {
				ASSETCATALOG_COMPILER_APPICON_NAME = AppIcon;
				ASSETCATALOG_COMPILER_GLOBAL_ACCENT_COLOR_NAME = AccentColor;
				CODE_SIGN_STYLE = Automatic;
				DEVELOPMENT_TEAM = PX37AVLC5L;
				INFOPLIST_FILE = ReactorKitPrac/Info.plist;
				LD_RUNPATH_SEARCH_PATHS = (
					"$(inherited)",
					"@executable_path/Frameworks",
				);
				PRODUCT_BUNDLE_IDENTIFIER = com.yunuki.ReactorKitPrac;
				PRODUCT_NAME = "$(TARGET_NAME)";
				SWIFT_VERSION = 5.0;
				TARGETED_DEVICE_FAMILY = "1,2";
			};
			name = Debug;
		};
		6456D7CC25BC091800111B5B /* Release */ = {
			isa = XCBuildConfiguration;
			baseConfigurationReference = 9CBDBCD304E408C5F01184F7 /* Pods-ReactorKitPrac.release.xcconfig */;
			buildSettings = {
				ASSETCATALOG_COMPILER_APPICON_NAME = AppIcon;
				ASSETCATALOG_COMPILER_GLOBAL_ACCENT_COLOR_NAME = AccentColor;
				CODE_SIGN_STYLE = Automatic;
				DEVELOPMENT_TEAM = PX37AVLC5L;
				INFOPLIST_FILE = ReactorKitPrac/Info.plist;
				LD_RUNPATH_SEARCH_PATHS = (
					"$(inherited)",
					"@executable_path/Frameworks",
				);
				PRODUCT_BUNDLE_IDENTIFIER = com.yunuki.ReactorKitPrac;
				PRODUCT_NAME = "$(TARGET_NAME)";
				SWIFT_VERSION = 5.0;
				TARGETED_DEVICE_FAMILY = "1,2";
			};
			name = Release;
		};
		6456D7CE25BC091800111B5B /* Debug */ = {
			isa = XCBuildConfiguration;
			baseConfigurationReference = 1A1AA7ACC5A4DB9251A83247 /* Pods-ReactorKitPracTests.debug.xcconfig */;
			buildSettings = {
				ALWAYS_EMBED_SWIFT_STANDARD_LIBRARIES = YES;
				BUNDLE_LOADER = "$(TEST_HOST)";
				CODE_SIGN_STYLE = Automatic;
				DEVELOPMENT_TEAM = PX37AVLC5L;
				INFOPLIST_FILE = ReactorKitPracTests/Info.plist;
				IPHONEOS_DEPLOYMENT_TARGET = 14.3;
				LD_RUNPATH_SEARCH_PATHS = (
					"$(inherited)",
					"@executable_path/Frameworks",
					"@loader_path/Frameworks",
				);
				PRODUCT_BUNDLE_IDENTIFIER = com.yunuki.ReactorKitPracTests;
				PRODUCT_NAME = "$(TARGET_NAME)";
				SWIFT_VERSION = 5.0;
				TARGETED_DEVICE_FAMILY = "1,2";
				TEST_HOST = "$(BUILT_PRODUCTS_DIR)/ReactorKitPrac.app/ReactorKitPrac";
			};
			name = Debug;
		};
		6456D7CF25BC091800111B5B /* Release */ = {
			isa = XCBuildConfiguration;
			baseConfigurationReference = 56E8AA5B1DCB364B6176E6DE /* Pods-ReactorKitPracTests.release.xcconfig */;
			buildSettings = {
				ALWAYS_EMBED_SWIFT_STANDARD_LIBRARIES = YES;
				BUNDLE_LOADER = "$(TEST_HOST)";
				CODE_SIGN_STYLE = Automatic;
				DEVELOPMENT_TEAM = PX37AVLC5L;
				INFOPLIST_FILE = ReactorKitPracTests/Info.plist;
				IPHONEOS_DEPLOYMENT_TARGET = 14.3;
				LD_RUNPATH_SEARCH_PATHS = (
					"$(inherited)",
					"@executable_path/Frameworks",
					"@loader_path/Frameworks",
				);
				PRODUCT_BUNDLE_IDENTIFIER = com.yunuki.ReactorKitPracTests;
				PRODUCT_NAME = "$(TARGET_NAME)";
				SWIFT_VERSION = 5.0;
				TARGETED_DEVICE_FAMILY = "1,2";
				TEST_HOST = "$(BUILT_PRODUCTS_DIR)/ReactorKitPrac.app/ReactorKitPrac";
			};
			name = Release;
		};
		6456D7D125BC091800111B5B /* Debug */ = {
			isa = XCBuildConfiguration;
			baseConfigurationReference = 905519D9B0A3D6DB9D35A043 /* Pods-ReactorKitPrac-ReactorKitPracUITests.debug.xcconfig */;
			buildSettings = {
				ALWAYS_EMBED_SWIFT_STANDARD_LIBRARIES = YES;
				CODE_SIGN_STYLE = Automatic;
				DEVELOPMENT_TEAM = PX37AVLC5L;
				INFOPLIST_FILE = ReactorKitPracUITests/Info.plist;
				LD_RUNPATH_SEARCH_PATHS = (
					"$(inherited)",
					"@executable_path/Frameworks",
					"@loader_path/Frameworks",
				);
				PRODUCT_BUNDLE_IDENTIFIER = com.yunuki.ReactorKitPracUITests;
				PRODUCT_NAME = "$(TARGET_NAME)";
				SWIFT_VERSION = 5.0;
				TARGETED_DEVICE_FAMILY = "1,2";
				TEST_TARGET_NAME = ReactorKitPrac;
			};
			name = Debug;
		};
		6456D7D225BC091800111B5B /* Release */ = {
			isa = XCBuildConfiguration;
			baseConfigurationReference = F0A8CFAE5404CC62A60B6135 /* Pods-ReactorKitPrac-ReactorKitPracUITests.release.xcconfig */;
			buildSettings = {
				ALWAYS_EMBED_SWIFT_STANDARD_LIBRARIES = YES;
				CODE_SIGN_STYLE = Automatic;
				DEVELOPMENT_TEAM = PX37AVLC5L;
				INFOPLIST_FILE = ReactorKitPracUITests/Info.plist;
				LD_RUNPATH_SEARCH_PATHS = (
					"$(inherited)",
					"@executable_path/Frameworks",
					"@loader_path/Frameworks",
				);
				PRODUCT_BUNDLE_IDENTIFIER = com.yunuki.ReactorKitPracUITests;
				PRODUCT_NAME = "$(TARGET_NAME)";
				SWIFT_VERSION = 5.0;
				TARGETED_DEVICE_FAMILY = "1,2";
				TEST_TARGET_NAME = ReactorKitPrac;
			};
			name = Release;
		};
/* End XCBuildConfiguration section */

/* Begin XCConfigurationList section */
		6456D79B25BC091500111B5B /* Build configuration list for PBXProject "ReactorKitPrac" */ = {
			isa = XCConfigurationList;
			buildConfigurations = (
				6456D7C825BC091800111B5B /* Debug */,
				6456D7C925BC091800111B5B /* Release */,
			);
			defaultConfigurationIsVisible = 0;
			defaultConfigurationName = Release;
		};
		6456D7CA25BC091800111B5B /* Build configuration list for PBXNativeTarget "ReactorKitPrac" */ = {
			isa = XCConfigurationList;
			buildConfigurations = (
				6456D7CB25BC091800111B5B /* Debug */,
				6456D7CC25BC091800111B5B /* Release */,
			);
			defaultConfigurationIsVisible = 0;
			defaultConfigurationName = Release;
		};
		6456D7CD25BC091800111B5B /* Build configuration list for PBXNativeTarget "ReactorKitPracTests" */ = {
			isa = XCConfigurationList;
			buildConfigurations = (
				6456D7CE25BC091800111B5B /* Debug */,
				6456D7CF25BC091800111B5B /* Release */,
			);
			defaultConfigurationIsVisible = 0;
			defaultConfigurationName = Release;
		};
		6456D7D025BC091800111B5B /* Build configuration list for PBXNativeTarget "ReactorKitPracUITests" */ = {
			isa = XCConfigurationList;
			buildConfigurations = (
				6456D7D125BC091800111B5B /* Debug */,
				6456D7D225BC091800111B5B /* Release */,
			);
			defaultConfigurationIsVisible = 0;
			defaultConfigurationName = Release;
		};
/* End XCConfigurationList section */
	};
	rootObject = 6456D79825BC091500111B5B /* Project object */;
}
